<?xml version="1.0" encoding="utf-8"?>
<Project ToolsVersion="4.0" xmlns="http://schemas.microsoft.com/developer/msbuild/2003">
  <ItemGroup>
    <Filter Include="기본">
      <UniqueIdentifier>{bdaea4cc-ea5b-47fa-9669-f45495fd0faa}</UniqueIdentifier>
    </Filter>
    <Filter Include="기본\헤더 파일">
      <UniqueIdentifier>{93995380-89BD-4b04-88EB-625FBE52EBFB}</UniqueIdentifier>
      <Extensions>h;hh;hpp;hxx;hm;inl;inc;ipp;xsd</Extensions>
    </Filter>
    <Filter Include="기본\소스 파일">
      <UniqueIdentifier>{4FC737F1-C7A5-4376-A066-2A32D752A2FF}</UniqueIdentifier>
      <Extensions>cpp;c;cc;cxx;def;odl;idl;hpj;bat;asm;asmx</Extensions>
    </Filter>
    <Filter Include="기본\리소스 파일">
      <UniqueIdentifier>{67DA6AB6-F800-4c08-8B7A-83BB121AAD01}</UniqueIdentifier>
      <Extensions>rc;ico;cur;bmp;dlg;rc2;rct;bin;rgs;gif;jpg;jpeg;jpe;resx;tiff;tif;png;wav;mfcribbon-ms</Extensions>
    </Filter>
    <Filter Include="통신">
      <UniqueIdentifier>{b5421a94-b5b6-4ea2-a507-62fea5ea2d76}</UniqueIdentifier>
    </Filter>
    <Filter Include="통신\TCP클라">
      <UniqueIdentifier>{35e53823-51e5-44b1-b29e-9415c2b5808c}</UniqueIdentifier>
    </Filter>
    <Filter Include="엔진">
      <UniqueIdentifier>{7c8ed8a4-7bf5-48ad-9116-da94db4f742d}</UniqueIdentifier>
    </Filter>
    <Filter Include="통신\ZeroMQ">
      <UniqueIdentifier>{c01c787d-78e8-4bcc-9b3b-6e92948b5352}</UniqueIdentifier>
    </Filter>
  </ItemGroup>
  <ItemGroup>
    <ClInclude Include="framework.h">
      <Filter>기본\헤더 파일</Filter>
    </ClInclude>
    <ClInclude Include="targetver.h">
      <Filter>기본\헤더 파일</Filter>
    </ClInclude>
    <ClInclude Include="Resource.h">
      <Filter>기본\헤더 파일</Filter>
    </ClInclude>
    <ClInclude Include="CMain.h">
      <Filter>기본\헤더 파일</Filter>
    </ClInclude>
    <ClInclude Include="CNetClient.h">
      <Filter>통신\TCP클라</Filter>
    </ClInclude>
    <ClInclude Include="CEngine.h">
      <Filter>엔진</Filter>
    </ClInclude>
    <ClInclude Include="CZmqBase.h">
      <Filter>통신\ZeroMQ</Filter>
    </ClInclude>
  </ItemGroup>
  <ItemGroup>
    <ResourceCompile Include="BetRadar.rc">
      <Filter>기본\리소스 파일</Filter>
    </ResourceCompile>
  </ItemGroup>
  <ItemGroup>
    <Image Include="small.ico">
      <Filter>기본\리소스 파일</Filter>
    </Image>
    <Image Include="BetRadar.ico">
      <Filter>기본\리소스 파일</Filter>
    </Image>
  </ItemGroup>
  <ItemGroup>
    <ClCompile Include="WinMain.cpp">
      <Filter>기본\소스 파일</Filter>
    </ClCompile>
    <ClCompile Include="CMain.cpp">
      <Filter>기본\소스 파일</Filter>
    </ClCompile>
    <ClCompile Include="CNetClient.cpp">
      <Filter>통신\TCP클라</Filter>
    </ClCompile>
    <ClCompile Include="CMainDropFile.cpp">
      <Filter>기본\소스 파일</Filter>
    </ClCompile>
    <ClCompile Include="CEngine.cpp">
      <Filter>엔진</Filter>
    </ClCompile>
    <ClCompile Include="CZmqBase.cpp">
      <Filter>통신\ZeroMQ</Filter>
    </ClCompile>
  </ItemGroup>
</Project>