<?xml version="1.0" encoding="utf-8"?>
<Project ToolsVersion="4.0" xmlns="http://schemas.microsoft.com/developer/msbuild/2003">
  <ItemGroup>
    <Filter Include="통신">
      <UniqueIdentifier>{122e832d-4bc6-49bd-bc60-7e63866fc889}</UniqueIdentifier>
    </Filter>
    <Filter Include="기본">
      <UniqueIdentifier>{9a71f769-4eb4-48a0-9bba-42794c5f6c9e}</UniqueIdentifier>
    </Filter>
    <Filter Include="기본\리소스 파일">
      <UniqueIdentifier>{67DA6AB6-F800-4c08-8B7A-83BB121AAD01}</UniqueIdentifier>
      <Extensions>rc;ico;cur;bmp;dlg;rc2;rct;bin;rgs;gif;jpg;jpeg;jpe;resx;tiff;tif;png;wav;mfcribbon-ms</Extensions>
    </Filter>
    <Filter Include="기본\소스 파일">
      <UniqueIdentifier>{4FC737F1-C7A5-4376-A066-2A32D752A2FF}</UniqueIdentifier>
      <Extensions>cpp;c;cc;cxx;def;odl;idl;hpj;bat;asm;asmx</Extensions>
    </Filter>
    <Filter Include="기본\헤더 파일">
      <UniqueIdentifier>{93995380-89BD-4b04-88EB-625FBE52EBFB}</UniqueIdentifier>
      <Extensions>h;hh;hpp;hxx;hm;inl;inc;ipp;xsd</Extensions>
    </Filter>
    <Filter Include="통신\파이프">
      <UniqueIdentifier>{65e2b17c-ae9e-49bf-a663-d83cf1ae6a64}</UniqueIdentifier>
    </Filter>
    <Filter Include="이베스트">
      <UniqueIdentifier>{161eac0c-f376-4431-b86c-5ad55dd1f33f}</UniqueIdentifier>
    </Filter>
    <Filter Include="기본\트레이">
      <UniqueIdentifier>{11e06e04-b258-4671-8163-d51d98ac93bf}</UniqueIdentifier>
    </Filter>
  </ItemGroup>
  <ItemGroup>
    <ClInclude Include="framework.h">
      <Filter>기본\헤더 파일</Filter>
    </ClInclude>
    <ClInclude Include="targetver.h">
      <Filter>기본\헤더 파일</Filter>
    </ClInclude>
    <ClInclude Include="Resource.h">
      <Filter>기본\헤더 파일</Filter>
    </ClInclude>
    <ClInclude Include="CMain.h">
      <Filter>기본\헤더 파일</Filter>
    </ClInclude>
    <ClInclude Include="CXingAPI.h">
      <Filter>이베스트</Filter>
    </ClInclude>
    <ClInclude Include="XingAPIDef.h">
      <Filter>이베스트</Filter>
    </ClInclude>
    <ClInclude Include="CTrayIcon.h">
      <Filter>기본\트레이</Filter>
    </ClInclude>
    <ClInclude Include="CPipeClient.h">
      <Filter>통신\파이프</Filter>
    </ClInclude>
    <ClInclude Include="..\Defines\NetworkDef.h">
      <Filter>통신</Filter>
    </ClInclude>
  </ItemGroup>
  <ItemGroup>
    <Image Include="small.ico">
      <Filter>기본\리소스 파일</Filter>
    </Image>
    <Image Include="DXingAPI.ico">
      <Filter>기본\리소스 파일</Filter>
    </Image>
  </ItemGroup>
  <ItemGroup>
    <ClCompile Include="WinMain.cpp">
      <Filter>기본\소스 파일</Filter>
    </ClCompile>
    <ClCompile Include="CMain.cpp">
      <Filter>기본\소스 파일</Filter>
    </ClCompile>
    <ClCompile Include="CXingAPI.cpp">
      <Filter>이베스트</Filter>
    </ClCompile>
    <ClCompile Include="CTrayIcon.cpp">
      <Filter>기본\트레이</Filter>
    </ClCompile>
    <ClCompile Include="CPipeClient.cpp">
      <Filter>통신\파이프</Filter>
    </ClCompile>
    <ClCompile Include="CXingCallback.cpp">
      <Filter>기본\소스 파일</Filter>
    </ClCompile>
  </ItemGroup>
  <ItemGroup>
    <ResourceCompile Include="DXingAPI.rc">
      <Filter>기본\리소스 파일</Filter>
    </ResourceCompile>
  </ItemGroup>
</Project>